
Microsoft Visual Studio Solution File, Format Version 12.00
Project("{FAE04EC0-301F-11D3-BF4B-00C04F79EFBC}") = "Projects.Commandline", "Projects.Commandline\Projects.Commandline.csproj", "{338689DE-C2CE-4252-8555-FDB7386839C1}"
EndProject
Project("{FAE04EC0-301F-11D3-BF4B-00C04F79EFBC}") = "Projects", "Projects\Projects.csproj", "{B0BEB4DA-1977-4137-B1C5-4D8A3B536E5D}"
EndProject
Global
	GlobalSection(SolutionConfigurationPlatforms) = preSolution
		Debug|Any CPU = Debug|Any CPU
		Release|Any CPU = Release|Any CPU
	EndGlobalSection
	GlobalSection(ProjectConfigurationPlatforms) = postSolution
		{338689DE-C2CE-4252-8555-FDB7386839C1}.Debug|Any CPU.ActiveCfg = Debug|Any CPU
		{338689DE-C2CE-4252-8555-FDB7386839C1}.Debug|Any CPU.Build.0 = Debug|Any CPU
		{338689DE-C2CE-4252-8555-FDB7386839C1}.Release|Any CPU.ActiveCfg = Release|Any CPU
		{338689DE-C2CE-4252-8555-FDB7386839C1}.Release|Any CPU.Build.0 = Release|Any CPU
		{B0BEB4DA-1977-4137-B1C5-4D8A3B536E5D}.Debug|Any CPU.ActiveCfg = Debug|Any CPU
		{B0BEB4DA-1977-4137-B1C5-4D8A3B536E5D}.Debug|Any CPU.Build.0 = Debug|Any CPU
		{B0BEB4DA-1977-4137-B1C5-4D8A3B536E5D}.Release|Any CPU.ActiveCfg = Release|Any CPU
		{B0BEB4DA-1977-4137-B1C5-4D8A3B536E5D}.Release|Any CPU.Build.0 = Release|Any CPU
	EndGlobalSection
EndGlobal
